
Microsoft Visual Studio Solution File, Format Version 12.00
# Visual Studio Version 17
VisualStudioVersion = 17.6.33815.320
MinimumVisualStudioVersion = 10.0.40219.1
Project("{8BC9CEB8-8B4A-11D0-8D11-00A0C91BC942}") = "BruSpec_GUI", "BruSpec_GUI\BruSpec_GUI.vcxproj", "{63FE71D9-360D-4B7E-879A-5CC576ED2644}"
EndProject
Global
	GlobalSection(SolutionConfigurationPlatforms) = preSolution
		Debug|x64 = Debug|x64
		Debug|x86 = Debug|x86
		Release|x64 = Release|x64
		Release|x86 = Release|x86
	EndGlobalSection
	GlobalSection(ProjectConfigurationPlatforms) = postSolution
		{63FE71D9-360D-4B7E-879A-5CC576ED2644}.Debug|x64.ActiveCfg = Debug|x64
		{63FE71D9-360D-4B7E-879A-5CC576ED2644}.Debug|x64.Build.0 = Debug|x64
		{63FE71D9-360D-4B7E-879A-5CC576ED2644}.Debug|x86.ActiveCfg = Debug|Win32
		{63FE71D9-360D-4B7E-879A-5CC576ED2644}.Debug|x86.Build.0 = Debug|Win32
		{63FE71D9-360D-4B7E-879A-5CC576ED2644}.Release|x64.ActiveCfg = Release|x64
		{63FE71D9-360D-4B7E-879A-5CC576ED2644}.Release|x64.Build.0 = Release|x64
		{63FE71D9-360D-4B7E-879A-5CC576ED2644}.Release|x86.ActiveCfg = Release|Win32
		{63FE71D9-360D-4B7E-879A-5CC576ED2644}.Release|x86.Build.0 = Release|Win32
	EndGlobalSection
	GlobalSection(SolutionProperties) = preSolution
		HideSolutionNode = FALSE
	EndGlobalSection
	GlobalSection(ExtensibilityGlobals) = postSolution
		SolutionGuid = {AC8DCDA6-3AA2-40C0-859E-94A51C0F1805}
	EndGlobalSection
EndGlobal
